
Microsoft Visual Studio Solution File, Format Version 12.00
# Visual Studio Version 17
VisualStudioVersion = 17.4.33213.308
MinimumVisualStudioVersion = 10.0.40219.1
Project("{FAE04EC0-301F-11D3-BF4B-00C04F79EFBC}") = "e-ticket", "e-ticket\e-ticket.csproj", "{64601E57-331B-4DAD-B9C5-AD5A915F625B}"
EndProject
Global
	GlobalSection(SolutionConfigurationPlatforms) = preSolution
		Debug|Any CPU = Debug|Any CPU
		Release|Any CPU = Release|Any CPU
	EndGlobalSection
	GlobalSection(ProjectConfigurationPlatforms) = postSolution
		{64601E57-331B-4DAD-B9C5-AD5A915F625B}.Debug|Any CPU.ActiveCfg = Debug|Any CPU
		{64601E57-331B-4DAD-B9C5-AD5A915F625B}.Debug|Any CPU.Build.0 = Debug|Any CPU
		{64601E57-331B-4DAD-B9C5-AD5A915F625B}.Release|Any CPU.ActiveCfg = Release|Any CPU
		{64601E57-331B-4DAD-B9C5-AD5A915F625B}.Release|Any CPU.Build.0 = Release|Any CPU
	EndGlobalSection
	GlobalSection(SolutionProperties) = preSolution
		HideSolutionNode = FALSE
	EndGlobalSection
	GlobalSection(ExtensibilityGlobals) = postSolution
		SolutionGuid = {2B773A11-B2B8-4DEC-BC0C-985F6D8EC97C}
	EndGlobalSection
EndGlobal
